// !$*UTF8*$!
{
	archiveVersion = 1;
	classes = {
	};
	objectVersion = 48;
	objects = {

/* Begin PBXBuildFile section */
		11B227A42367C491C3353113 /* Pods_AlamofireTutorial.framework in Frameworks */ = {isa = PBXBuildFile; fileRef = CEA3900F6E952740810C050B /* Pods_AlamofireTutorial.framework */; };
		9A434C2C1FB293F00096813F /* AppDelegate.swift in Sources */ = {isa = PBXBuildFile; fileRef = 9A434C2B1FB293F00096813F /* AppDelegate.swift */; };
		9A434C2E1FB293F00096813F /* ViewController.swift in Sources */ = {isa = PBXBuildFile; fileRef = 9A434C2D1FB293F00096813F /* ViewController.swift */; };
		9A434C311FB293F00096813F /* Main.storyboard in Resources */ = {isa = PBXBuildFile; fileRef = 9A434C2F1FB293F00096813F /* Main.storyboard */; };
		9A434C331FB293F00096813F /* Assets.xcassets in Resources */ = {isa = PBXBuildFile; fileRef = 9A434C321FB293F00096813F /* Assets.xcassets */; };
		9A434C361FB293F00096813F /* LaunchScreen.storyboard in Resources */ = {isa = PBXBuildFile; fileRef = 9A434C341FB293F00096813F /* LaunchScreen.storyboard */; };
		9A434C411FB293F00096813F /* AlamofireTutorialTests.swift in Sources */ = {isa = PBXBuildFile; fileRef = 9A434C401FB293F00096813F /* AlamofireTutorialTests.swift */; };
		9A434C4C1FB293F00096813F /* AlamofireTutorialUITests.swift in Sources */ = {isa = PBXBuildFile; fileRef = 9A434C4B1FB293F00096813F /* AlamofireTutorialUITests.swift */; };
		C16D5F803C3994A8A4143D12 /* Pods_AlamofireTutorialUITests.framework in Frameworks */ = {isa = PBXBuildFile; fileRef = A03F199B47A4EB206DFF2E35 /* Pods_AlamofireTutorialUITests.framework */; };
		FF5181845B40BBE90B734A88 /* Pods_AlamofireTutorialTests.framework in Frameworks */ = {isa = PBXBuildFile; fileRef = 126175A17CEDBAE1B88D5E6E /* Pods_AlamofireTutorialTests.framework */; };
/* End PBXBuildFile section */

/* Begin PBXContainerItemProxy section */
		9A434C3D1FB293F00096813F /* PBXContainerItemProxy */ = {
			isa = PBXContainerItemProxy;
			containerPortal = 9A434C201FB293F00096813F /* Project object */;
			proxyType = 1;
			remoteGlobalIDString = 9A434C271FB293F00096813F;
			remoteInfo = AlamofireTutorial;
		};
		9A434C481FB293F00096813F /* PBXContainerItemProxy */ = {
			isa = PBXContainerItemProxy;
			containerPortal = 9A434C201FB293F00096813F /* Project object */;
			proxyType = 1;
			remoteGlobalIDString = 9A434C271FB293F00096813F;
			remoteInfo = AlamofireTutorial;
		};
/* End PBXContainerItemProxy section */

/* Begin PBXFileReference section */
		126175A17CEDBAE1B88D5E6E /* Pods_AlamofireTutorialTests.framework */ = {isa = PBXFileReference; explicitFileType = wrapper.framework; includeInIndex = 0; path = Pods_AlamofireTutorialTests.framework; sourceTree = BUILT_PRODUCTS_DIR; };
		3D414B08BF78AF6D7A34E301 /* Pods-AlamofireTutorialUITests.release.xcconfig */ = {isa = PBXFileReference; includeInIndex = 1; lastKnownFileType = text.xcconfig; name = "Pods-AlamofireTutorialUITests.release.xcconfig"; path = "Pods/Target Support Files/Pods-AlamofireTutorialUITests/Pods-AlamofireTutorialUITests.release.xcconfig"; sourceTree = "<group>"; };
		9A434C281FB293F00096813F /* AlamofireTutorial.app */ = {isa = PBXFileReference; explicitFileType = wrapper.application; includeInIndex = 0; path = AlamofireTutorial.app; sourceTree = BUILT_PRODUCTS_DIR; };
		9A434C2B1FB293F00096813F /* AppDelegate.swift */ = {isa = PBXFileReference; lastKnownFileType = sourcecode.swift; path = AppDelegate.swift; sourceTree = "<group>"; };
		9A434C2D1FB293F00096813F /* ViewController.swift */ = {isa = PBXFileReference; lastKnownFileType = sourcecode.swift; path = ViewController.swift; sourceTree = "<group>"; };
		9A434C301FB293F00096813F /* Base */ = {isa = PBXFileReference; lastKnownFileType = file.storyboard; name = Base; path = Base.lproj/Main.storyboard; sourceTree = "<group>"; };
		9A434C321FB293F00096813F /* Assets.xcassets */ = {isa = PBXFileReference; lastKnownFileType = folder.assetcatalog; path = Assets.xcassets; sourceTree = "<group>"; };
		9A434C351FB293F00096813F /* Base */ = {isa = PBXFileReference; lastKnownFileType = file.storyboard; name = Base; path = Base.lproj/LaunchScreen.storyboard; sourceTree = "<group>"; };
		9A434C371FB293F00096813F /* Info.plist */ = {isa = PBXFileReference; lastKnownFileType = text.plist.xml; path = Info.plist; sourceTree = "<group>"; };
		9A434C3C1FB293F00096813F /* AlamofireTutorialTests.xctest */ = {isa = PBXFileReference; explicitFileType = wrapper.cfbundle; includeInIndex = 0; path = AlamofireTutorialTests.xctest; sourceTree = BUILT_PRODUCTS_DIR; };
		9A434C401FB293F00096813F /* AlamofireTutorialTests.swift */ = {isa = PBXFileReference; lastKnownFileType = sourcecode.swift; path = AlamofireTutorialTests.swift; sourceTree = "<group>"; };
		9A434C421FB293F00096813F /* Info.plist */ = {isa = PBXFileReference; lastKnownFileType = text.plist.xml; path = Info.plist; sourceTree = "<group>"; };
		9A434C471FB293F00096813F /* AlamofireTutorialUITests.xctest */ = {isa = PBXFileReference; explicitFileType = wrapper.cfbundle; includeInIndex = 0; path = AlamofireTutorialUITests.xctest; sourceTree = BUILT_PRODUCTS_DIR; };
		9A434C4B1FB293F00096813F /* AlamofireTutorialUITests.swift */ = {isa = PBXFileReference; lastKnownFileType = sourcecode.swift; path = AlamofireTutorialUITests.swift; sourceTree = "<group>"; };
		9A434C4D1FB293F00096813F /* Info.plist */ = {isa = PBXFileReference; lastKnownFileType = text.plist.xml; path = Info.plist; sourceTree = "<group>"; };
		A03F199B47A4EB206DFF2E35 /* Pods_AlamofireTutorialUITests.framework */ = {isa = PBXFileReference; explicitFileType = wrapper.framework; includeInIndex = 0; path = Pods_AlamofireTutorialUITests.framework; sourceTree = BUILT_PRODUCTS_DIR; };
		BC73B1430124ED6FC3926759 /* Pods-AlamofireTutorial.debug.xcconfig */ = {isa = PBXFileReference; includeInIndex = 1; lastKnownFileType = text.xcconfig; name = "Pods-AlamofireTutorial.debug.xcconfig"; path = "Pods/Target Support Files/Pods-AlamofireTutorial/Pods-AlamofireTutorial.debug.xcconfig"; sourceTree = "<group>"; };
		C405BD21C89A6E7666C9FD0F /* Pods-AlamofireTutorialTests.debug.xcconfig */ = {isa = PBXFileReference; includeInIndex = 1; lastKnownFileType = text.xcconfig; name = "Pods-AlamofireTutorialTests.debug.xcconfig"; path = "Pods/Target Support Files/Pods-AlamofireTutorialTests/Pods-AlamofireTutorialTests.debug.xcconfig"; sourceTree = "<group>"; };
		CEA3900F6E952740810C050B /* Pods_AlamofireTutorial.framework */ = {isa = PBXFileReference; explicitFileType = wrapper.framework; includeInIndex = 0; path = Pods_AlamofireTutorial.framework; sourceTree = BUILT_PRODUCTS_DIR; };
		E22F9C22B8EC53F910505817 /* Pods-AlamofireTutorialUITests.debug.xcconfig */ = {isa = PBXFileReference; includeInIndex = 1; lastKnownFileType = text.xcconfig; name = "Pods-AlamofireTutorialUITests.debug.xcconfig"; path = "Pods/Target Support Files/Pods-AlamofireTutorialUITests/Pods-AlamofireTutorialUITests.debug.xcconfig"; sourceTree = "<group>"; };
		F61B8F523C2BF4833BF823D8 /* Pods-AlamofireTutorial.release.xcconfig */ = {isa = PBXFileReference; includeInIndex = 1; lastKnownFileType = text.xcconfig; name = "Pods-AlamofireTutorial.release.xcconfig"; path = "Pods/Target Support Files/Pods-AlamofireTutorial/Pods-AlamofireTutorial.release.xcconfig"; sourceTree = "<group>"; };
		F7E598E28531CC6FC39CA5EB /* Pods-AlamofireTutorialTests.release.xcconfig */ = {isa = PBXFileReference; includeInIndex = 1; lastKnownFileType = text.xcconfig; name = "Pods-AlamofireTutorialTests.release.xcconfig"; path = "Pods/Target Support Files/Pods-AlamofireTutorialTests/Pods-AlamofireTutorialTests.release.xcconfig"; sourceTree = "<group>"; };
/* End PBXFileReference section */

/* Begin PBXFrameworksBuildPhase section */
		9A434C251FB293F00096813F /* Frameworks */ = {
			isa = PBXFrameworksBuildPhase;
			buildActionMask = 2147483647;
			files = (
				11B227A42367C491C3353113 /* Pods_AlamofireTutorial.framework in Frameworks */,
			);
			runOnlyForDeploymentPostprocessing = 0;
		};
		9A434C391FB293F00096813F /* Frameworks */ = {
			isa = PBXFrameworksBuildPhase;
			buildActionMask = 2147483647;
			files = (
				FF5181845B40BBE90B734A88 /* Pods_AlamofireTutorialTests.framework in Frameworks */,
			);
			runOnlyForDeploymentPostprocessing = 0;
		};
		9A434C441FB293F00096813F /* Frameworks */ = {
			isa = PBXFrameworksBuildPhase;
			buildActionMask = 2147483647;
			files = (
				C16D5F803C3994A8A4143D12 /* Pods_AlamofireTutorialUITests.framework in Frameworks */,
			);
			runOnlyForDeploymentPostprocessing = 0;
		};
/* End PBXFrameworksBuildPhase section */

/* Begin PBXGroup section */
		44948AD493EB8FB629AB67BD /* Frameworks */ = {
			isa = PBXGroup;
			children = (
				CEA3900F6E952740810C050B /* Pods_AlamofireTutorial.framework */,
				126175A17CEDBAE1B88D5E6E /* Pods_AlamofireTutorialTests.framework */,
				A03F199B47A4EB206DFF2E35 /* Pods_AlamofireTutorialUITests.framework */,
			);
			name = Frameworks;
			sourceTree = "<group>";
		};
		783425FA4D755DF130FFE0E4 /* Pods */ = {
			isa = PBXGroup;
			children = (
				BC73B1430124ED6FC3926759 /* Pods-AlamofireTutorial.debug.xcconfig */,
				F61B8F523C2BF4833BF823D8 /* Pods-AlamofireTutorial.release.xcconfig */,
				C405BD21C89A6E7666C9FD0F /* Pods-AlamofireTutorialTests.debug.xcconfig */,
				F7E598E28531CC6FC39CA5EB /* Pods-AlamofireTutorialTests.release.xcconfig */,
				E22F9C22B8EC53F910505817 /* Pods-AlamofireTutorialUITests.debug.xcconfig */,
				3D414B08BF78AF6D7A34E301 /* Pods-AlamofireTutorialUITests.release.xcconfig */,
			);
			name = Pods;
			sourceTree = "<group>";
		};
		9A434C1F1FB293F00096813F = {
			isa = PBXGroup;
			children = (
				9A434C2A1FB293F00096813F /* AlamofireTutorial */,
				9A434C3F1FB293F00096813F /* AlamofireTutorialTests */,
				9A434C4A1FB293F00096813F /* AlamofireTutorialUITests */,
				9A434C291FB293F00096813F /* Products */,
				783425FA4D755DF130FFE0E4 /* Pods */,
				44948AD493EB8FB629AB67BD /* Frameworks */,
			);
			sourceTree = "<group>";
		};
		9A434C291FB293F00096813F /* Products */ = {
			isa = PBXGroup;
			children = (
				9A434C281FB293F00096813F /* AlamofireTutorial.app */,
				9A434C3C1FB293F00096813F /* AlamofireTutorialTests.xctest */,
				9A434C471FB293F00096813F /* AlamofireTutorialUITests.xctest */,
			);
			name = Products;
			sourceTree = "<group>";
		};
		9A434C2A1FB293F00096813F /* AlamofireTutorial */ = {
			isa = PBXGroup;
			children = (
				9A434C2B1FB293F00096813F /* AppDelegate.swift */,
				9A434C2D1FB293F00096813F /* ViewController.swift */,
				9A434C2F1FB293F00096813F /* Main.storyboard */,
				9A434C321FB293F00096813F /* Assets.xcassets */,
				9A434C341FB293F00096813F /* LaunchScreen.storyboard */,
				9A434C371FB293F00096813F /* Info.plist */,
			);
			path = AlamofireTutorial;
			sourceTree = "<group>";
		};
		9A434C3F1FB293F00096813F /* AlamofireTutorialTests */ = {
			isa = PBXGroup;
			children = (
				9A434C401FB293F00096813F /* AlamofireTutorialTests.swift */,
				9A434C421FB293F00096813F /* Info.plist */,
			);
			path = AlamofireTutorialTests;
			sourceTree = "<group>";
		};
		9A434C4A1FB293F00096813F /* AlamofireTutorialUITests */ = {
			isa = PBXGroup;
			children = (
				9A434C4B1FB293F00096813F /* AlamofireTutorialUITests.swift */,
				9A434C4D1FB293F00096813F /* Info.plist */,
			);
			path = AlamofireTutorialUITests;
			sourceTree = "<group>";
		};
/* End PBXGroup section */

/* Begin PBXNativeTarget section */
		9A434C271FB293F00096813F /* AlamofireTutorial */ = {
			isa = PBXNativeTarget;
			buildConfigurationList = 9A434C501FB293F00096813F /* Build configuration list for PBXNativeTarget "AlamofireTutorial" */;
			buildPhases = (
				D165B489DD2FD047A9B921E9 /* [CP] Check Pods Manifest.lock */,
				9A434C241FB293F00096813F /* Sources */,
				9A434C251FB293F00096813F /* Frameworks */,
				9A434C261FB293F00096813F /* Resources */,
				76596F929A6578EC69B26765 /* [CP] Embed Pods Frameworks */,
				BD3012D5D16E84F6E303F5D3 /* [CP] Copy Pods Resources */,
			);
			buildRules = (
			);
			dependencies = (
			);
			name = AlamofireTutorial;
			productName = AlamofireTutorial;
			productReference = 9A434C281FB293F00096813F /* AlamofireTutorial.app */;
			productType = "com.apple.product-type.application";
		};
		9A434C3B1FB293F00096813F /* AlamofireTutorialTests */ = {
			isa = PBXNativeTarget;
			buildConfigurationList = 9A434C531FB293F00096813F /* Build configuration list for PBXNativeTarget "AlamofireTutorialTests" */;
			buildPhases = (
				28FAE4F1CB81D4EF0D9D65A4 /* [CP] Check Pods Manifest.lock */,
				9A434C381FB293F00096813F /* Sources */,
				9A434C391FB293F00096813F /* Frameworks */,
				9A434C3A1FB293F00096813F /* Resources */,
				EEE564B898D1D5CB8E3E175F /* [CP] Embed Pods Frameworks */,
				B8D3F1FFC16CE8A6B51ADEA4 /* [CP] Copy Pods Resources */,
			);
			buildRules = (
			);
			dependencies = (
				9A434C3E1FB293F00096813F /* PBXTargetDependency */,
			);
			name = AlamofireTutorialTests;
			productName = AlamofireTutorialTests;
			productReference = 9A434C3C1FB293F00096813F /* AlamofireTutorialTests.xctest */;
			productType = "com.apple.product-type.bundle.unit-test";
		};
		9A434C461FB293F00096813F /* AlamofireTutorialUITests */ = {
			isa = PBXNativeTarget;
			buildConfigurationList = 9A434C561FB293F00096813F /* Build configuration list for PBXNativeTarget "AlamofireTutorialUITests" */;
			buildPhases = (
				B98DF58DE9606303273BF062 /* [CP] Check Pods Manifest.lock */,
				9A434C431FB293F00096813F /* Sources */,
				9A434C441FB293F00096813F /* Frameworks */,
				9A434C451FB293F00096813F /* Resources */,
				83B6A749E0EDE4F3FAB5AAB0 /* [CP] Embed Pods Frameworks */,
				EED980FF5FE2ADECCB36D690 /* [CP] Copy Pods Resources */,
			);
			buildRules = (
			);
			dependencies = (
				9A434C491FB293F00096813F /* PBXTargetDependency */,
			);
			name = AlamofireTutorialUITests;
			productName = AlamofireTutorialUITests;
			productReference = 9A434C471FB293F00096813F /* AlamofireTutorialUITests.xctest */;
			productType = "com.apple.product-type.bundle.ui-testing";
		};
/* End PBXNativeTarget section */

/* Begin PBXProject section */
		9A434C201FB293F00096813F /* Project object */ = {
			isa = PBXProject;
			attributes = {
				LastSwiftUpdateCheck = 0900;
				LastUpgradeCheck = 0900;
				ORGANIZATIONNAME = "Rizki Syaputra";
				TargetAttributes = {
					9A434C271FB293F00096813F = {
						CreatedOnToolsVersion = 9.0.1;
						ProvisioningStyle = Automatic;
					};
					9A434C3B1FB293F00096813F = {
						CreatedOnToolsVersion = 9.0.1;
						ProvisioningStyle = Automatic;
						TestTargetID = 9A434C271FB293F00096813F;
					};
					9A434C461FB293F00096813F = {
						CreatedOnToolsVersion = 9.0.1;
						ProvisioningStyle = Automatic;
						TestTargetID = 9A434C271FB293F00096813F;
					};
				};
			};
			buildConfigurationList = 9A434C231FB293F00096813F /* Build configuration list for PBXProject "AlamofireTutorial" */;
			compatibilityVersion = "Xcode 8.0";
			developmentRegion = en;
			hasScannedForEncodings = 0;
			knownRegions = (
				en,
				Base,
			);
			mainGroup = 9A434C1F1FB293F00096813F;
			productRefGroup = 9A434C291FB293F00096813F /* Products */;
			projectDirPath = "";
			projectRoot = "";
			targets = (
				9A434C271FB293F00096813F /* AlamofireTutorial */,
				9A434C3B1FB293F00096813F /* AlamofireTutorialTests */,
				9A434C461FB293F00096813F /* AlamofireTutorialUITests */,
			);
		};
/* End PBXProject section */

/* Begin PBXResourcesBuildPhase section */
		9A434C261FB293F00096813F /* Resources */ = {
			isa = PBXResourcesBuildPhase;
			buildActionMask = 2147483647;
			files = (
				9A434C361FB293F00096813F /* LaunchScreen.storyboard in Resources */,
				9A434C331FB293F00096813F /* Assets.xcassets in Resources */,
				9A434C311FB293F00096813F /* Main.storyboard in Resources */,
			);
			runOnlyForDeploymentPostprocessing = 0;
		};
		9A434C3A1FB293F00096813F /* Resources */ = {
			isa = PBXResourcesBuildPhase;
			buildActionMask = 2147483647;
			files = (
			);
			runOnlyForDeploymentPostprocessing = 0;
		};
		9A434C451FB293F00096813F /* Resources */ = {
			isa = PBXResourcesBuildPhase;
			buildActionMask = 2147483647;
			files = (
			);
			runOnlyForDeploymentPostprocessing = 0;
		};
/* End PBXResourcesBuildPhase section */

/* Begin PBXShellScriptBuildPhase section */
		28FAE4F1CB81D4EF0D9D65A4 /* [CP] Check Pods Manifest.lock */ = {
			isa = PBXShellScriptBuildPhase;
			buildActionMask = 2147483647;
			files = (
			);
			inputPaths = (
				"${PODS_PODFILE_DIR_PATH}/Podfile.lock",
				"${PODS_ROOT}/Manifest.lock",
			);
			name = "[CP] Check Pods Manifest.lock";
			outputPaths = (
				"$(DERIVED_FILE_DIR)/Pods-AlamofireTutorialTests-checkManifestLockResult.txt",
			);
			runOnlyForDeploymentPostprocessing = 0;
			shellPath = /bin/sh;
			shellScript = "diff \"${PODS_PODFILE_DIR_PATH}/Podfile.lock\" \"${PODS_ROOT}/Manifest.lock\" > /dev/null\nif [ $? != 0 ] ; then\n    # print error to STDERR\n    echo \"error: The sandbox is not in sync with the Podfile.lock. Run 'pod install' or update your CocoaPods installation.\" >&2\n    exit 1\nfi\n# This output is used by Xcode 'outputs' to avoid re-running this script phase.\necho \"SUCCESS\" > \"${SCRIPT_OUTPUT_FILE_0}\"\n";
			showEnvVarsInLog = 0;
		};
		76596F929A6578EC69B26765 /* [CP] Embed Pods Frameworks */ = {
			isa = PBXShellScriptBuildPhase;
			buildActionMask = 2147483647;
			files = (
			);
			inputPaths = (
			);
			name = "[CP] Embed Pods Frameworks";
			outputPaths = (
			);
			runOnlyForDeploymentPostprocessing = 0;
			shellPath = /bin/sh;
			shellScript = "\"${SRCROOT}/Pods/Target Support Files/Pods-AlamofireTutorial/Pods-AlamofireTutorial-frameworks.sh\"\n";
			showEnvVarsInLog = 0;
		};
		83B6A749E0EDE4F3FAB5AAB0 /* [CP] Embed Pods Frameworks */ = {
			isa = PBXShellScriptBuildPhase;
			buildActionMask = 2147483647;
			files = (
			);
			inputPaths = (
			);
			name = "[CP] Embed Pods Frameworks";
			outputPaths = (
			);
			runOnlyForDeploymentPostprocessing = 0;
			shellPath = /bin/sh;
			shellScript = "\"${SRCROOT}/Pods/Target Support Files/Pods-AlamofireTutorialUITests/Pods-AlamofireTutorialUITests-frameworks.sh\"\n";
			showEnvVarsInLog = 0;
		};
		B8D3F1FFC16CE8A6B51ADEA4 /* [CP] Copy Pods Resources */ = {
			isa = PBXShellScriptBuildPhase;
			buildActionMask = 2147483647;
			files = (
			);
			inputPaths = (
			);
			name = "[CP] Copy Pods Resources";
			outputPaths = (
			);
			runOnlyForDeploymentPostprocessing = 0;
			shellPath = /bin/sh;
			shellScript = "\"${SRCROOT}/Pods/Target Support Files/Pods-AlamofireTutorialTests/Pods-AlamofireTutorialTests-resources.sh\"\n";
			showEnvVarsInLog = 0;
		};
		B98DF58DE9606303273BF062 /* [CP] Check Pods Manifest.lock */ = {
			isa = PBXShellScriptBuildPhase;
			buildActionMask = 2147483647;
			files = (
			);
			inputPaths = (
				"${PODS_PODFILE_DIR_PATH}/Podfile.lock",
				"${PODS_ROOT}/Manifest.lock",
			);
			name = "[CP] Check Pods Manifest.lock";
			outputPaths = (
				"$(DERIVED_FILE_DIR)/Pods-AlamofireTutorialUITests-checkManifestLockResult.txt",
			);
			runOnlyForDeploymentPostprocessing = 0;
			shellPath = /bin/sh;
			shellScript = "diff \"${PODS_PODFILE_DIR_PATH}/Podfile.lock\" \"${PODS_ROOT}/Manifest.lock\" > /dev/null\nif [ $? != 0 ] ; then\n    # print error to STDERR\n    echo \"error: The sandbox is not in sync with the Podfile.lock. Run 'pod install' or update your CocoaPods installation.\" >&2\n    exit 1\nfi\n# This output is used by Xcode 'outputs' to avoid re-running this script phase.\necho \"SUCCESS\" > \"${SCRIPT_OUTPUT_FILE_0}\"\n";
			showEnvVarsInLog = 0;
		};
		BD3012D5D16E84F6E303F5D3 /* [CP] Copy Pods Resources */ = {
			isa = PBXShellScriptBuildPhase;
			buildActionMask = 2147483647;
			files = (
			);
			inputPaths = (
			);
			name = "[CP] Copy Pods Resources";
			outputPaths = (
			);
			runOnlyForDeploymentPostprocessing = 0;
			shellPath = /bin/sh;
			shellScript = "\"${SRCROOT}/Pods/Target Support Files/Pods-AlamofireTutorial/Pods-AlamofireTutorial-resources.sh\"\n";
			showEnvVarsInLog = 0;
		};
		D165B489DD2FD047A9B921E9 /* [CP] Check Pods Manifest.lock */ = {
			isa = PBXShellScriptBuildPhase;
			buildActionMask = 2147483647;
			files = (
			);
			inputPaths = (
				"${PODS_PODFILE_DIR_PATH}/Podfile.lock",
				"${PODS_ROOT}/Manifest.lock",
			);
			name = "[CP] Check Pods Manifest.lock";
			outputPaths = (
				"$(DERIVED_FILE_DIR)/Pods-AlamofireTutorial-checkManifestLockResult.txt",
			);
			runOnlyForDeploymentPostprocessing = 0;
			shellPath = /bin/sh;
			shellScript = "diff \"${PODS_PODFILE_DIR_PATH}/Podfile.lock\" \"${PODS_ROOT}/Manifest.lock\" > /dev/null\nif [ $? != 0 ] ; then\n    # print error to STDERR\n    echo \"error: The sandbox is not in sync with the Podfile.lock. Run 'pod install' or update your CocoaPods installation.\" >&2\n    exit 1\nfi\n# This output is used by Xcode 'outputs' to avoid re-running this script phase.\necho \"SUCCESS\" > \"${SCRIPT_OUTPUT_FILE_0}\"\n";
			showEnvVarsInLog = 0;
		};
		EED980FF5FE2ADECCB36D690 /* [CP] Copy Pods Resources */ = {
			isa = PBXShellScriptBuildPhase;
			buildActionMask = 2147483647;
			files = (
			);
			inputPaths = (
			);
			name = "[CP] Copy Pods Resources";
			outputPaths = (
			);
			runOnlyForDeploymentPostprocessing = 0;
			shellPath = /bin/sh;
			shellScript = "\"${SRCROOT}/Pods/Target Support Files/Pods-AlamofireTutorialUITests/Pods-AlamofireTutorialUITests-resources.sh\"\n";
			showEnvVarsInLog = 0;
		};
		EEE564B898D1D5CB8E3E175F /* [CP] Embed Pods Frameworks */ = {
			isa = PBXShellScriptBuildPhase;
			buildActionMask = 2147483647;
			files = (
			);
			inputPaths = (
				"${SRCROOT}/Pods/Target Support Files/Pods-AlamofireTutorialTests/Pods-AlamofireTutorialTests-frameworks.sh",
				"${BUILT_PRODUCTS_DIR}/Alamofire/Alamofire.framework",
				"${BUILT_PRODUCTS_DIR}/SwiftyJSON/SwiftyJSON.framework",
			);
			name = "[CP] Embed Pods Frameworks";
			outputPaths = (
				"${TARGET_BUILD_DIR}/${FRAMEWORKS_FOLDER_PATH}/Alamofire.framework",
				"${TARGET_BUILD_DIR}/${FRAMEWORKS_FOLDER_PATH}/SwiftyJSON.framework",
			);
			runOnlyForDeploymentPostprocessing = 0;
			shellPath = /bin/sh;
			shellScript = "\"${SRCROOT}/Pods/Target Support Files/Pods-AlamofireTutorialTests/Pods-AlamofireTutorialTests-frameworks.sh\"\n";
			showEnvVarsInLog = 0;
		};
/* End PBXShellScriptBuildPhase section */

/* Begin PBXSourcesBuildPhase section */
		9A434C241FB293F00096813F /* Sources */ = {
			isa = PBXSourcesBuildPhase;
			buildActionMask = 2147483647;
			files = (
				9A434C2E1FB293F00096813F /* ViewController.swift in Sources */,
				9A434C2C1FB293F00096813F /* AppDelegate.swift in Sources */,
			);
			runOnlyForDeploymentPostprocessing = 0;
		};
		9A434C381FB293F00096813F /* Sources */ = {
			isa = PBXSourcesBuildPhase;
			buildActionMask = 2147483647;
			files = (
				9A434C411FB293F00096813F /* AlamofireTutorialTests.swift in Sources */,
			);
			runOnlyForDeploymentPostprocessing = 0;
		};
		9A434C431FB293F00096813F /* Sources */ = {
			isa = PBXSourcesBuildPhase;
			buildActionMask = 2147483647;
			files = (
				9A434C4C1FB293F00096813F /* AlamofireTutorialUITests.swift in Sources */,
			);
			runOnlyForDeploymentPostprocessing = 0;
		};
/* End PBXSourcesBuildPhase section */

/* Begin PBXTargetDependency section */
		9A434C3E1FB293F00096813F /* PBXTargetDependency */ = {
			isa = PBXTargetDependency;
			target = 9A434C271FB293F00096813F /* AlamofireTutorial */;
			targetProxy = 9A434C3D1FB293F00096813F /* PBXContainerItemProxy */;
		};
		9A434C491FB293F00096813F /* PBXTargetDependency */ = {
			isa = PBXTargetDependency;
			target = 9A434C271FB293F00096813F /* AlamofireTutorial */;
			targetProxy = 9A434C481FB293F00096813F /* PBXContainerItemProxy */;
		};
/* End PBXTargetDependency section */

/* Begin PBXVariantGroup section */
		9A434C2F1FB293F00096813F /* Main.storyboard */ = {
			isa = PBXVariantGroup;
			children = (
				9A434C301FB293F00096813F /* Base */,
			);
			name = Main.storyboard;
			sourceTree = "<group>";
		};
		9A434C341FB293F00096813F /* LaunchScreen.storyboard */ = {
			isa = PBXVariantGroup;
			children = (
				9A434C351FB293F00096813F /* Base */,
			);
			name = LaunchScreen.storyboard;
			sourceTree = "<group>";
		};
/* End PBXVariantGroup section */

/* Begin XCBuildConfiguration section */
		9A434C4E1FB293F00096813F /* Debug */ = {
			isa = XCBuildConfiguration;
			buildSettings = {
				ALWAYS_SEARCH_USER_PATHS = NO;
				CLANG_ANALYZER_NONNULL = YES;
				CLANG_ANALYZER_NUMBER_OBJECT_CONVERSION = YES_AGGRESSIVE;
				CLANG_CXX_LANGUAGE_STANDARD = "gnu++14";
				CLANG_CXX_LIBRARY = "libc++";
				CLANG_ENABLE_MODULES = YES;
				CLANG_ENABLE_OBJC_ARC = YES;
				CLANG_WARN_BLOCK_CAPTURE_AUTORELEASING = YES;
				CLANG_WARN_BOOL_CONVERSION = YES;
				CLANG_WARN_COMMA = YES;
				CLANG_WARN_CONSTANT_CONVERSION = YES;
				CLANG_WARN_DIRECT_OBJC_ISA_USAGE = YES_ERROR;
				CLANG_WARN_DOCUMENTATION_COMMENTS = YES;
				CLANG_WARN_EMPTY_BODY = YES;
				CLANG_WARN_ENUM_CONVERSION = YES;
				CLANG_WARN_INFINITE_RECURSION = YES;
				CLANG_WARN_INT_CONVERSION = YES;
				CLANG_WARN_NON_LITERAL_NULL_CONVERSION = YES;
				CLANG_WARN_OBJC_LITERAL_CONVERSION = YES;
				CLANG_WARN_OBJC_ROOT_CLASS = YES_ERROR;
				CLANG_WARN_RANGE_LOOP_ANALYSIS = YES;
				CLANG_WARN_STRICT_PROTOTYPES = YES;
				CLANG_WARN_SUSPICIOUS_MOVE = YES;
				CLANG_WARN_UNGUARDED_AVAILABILITY = YES_AGGRESSIVE;
				CLANG_WARN_UNREACHABLE_CODE = YES;
				CLANG_WARN__DUPLICATE_METHOD_MATCH = YES;
				CODE_SIGN_IDENTITY = "iPhone Developer";
				COPY_PHASE_STRIP = NO;
				DEBUG_INFORMATION_FORMAT = dwarf;
				ENABLE_STRICT_OBJC_MSGSEND = YES;
				ENABLE_TESTABILITY = YES;
				GCC_C_LANGUAGE_STANDARD = gnu11;
				GCC_DYNAMIC_NO_PIC = NO;
				GCC_NO_COMMON_BLOCKS = YES;
				GCC_OPTIMIZATION_LEVEL = 0;
				GCC_PREPROCESSOR_DEFINITIONS = (
					"DEBUG=1",
					"$(inherited)",
				);
				GCC_WARN_64_TO_32_BIT_CONVERSION = YES;
				GCC_WARN_ABOUT_RETURN_TYPE = YES_ERROR;
				GCC_WARN_UNDECLARED_SELECTOR = YES;
				GCC_WARN_UNINITIALIZED_AUTOS = YES_AGGRESSIVE;
				GCC_WARN_UNUSED_FUNCTION = YES;
				GCC_WARN_UNUSED_VARIABLE = YES;
				IPHONEOS_DEPLOYMENT_TARGET = 11.0;
				MTL_ENABLE_DEBUG_INFO = YES;
				ONLY_ACTIVE_ARCH = YES;
				SDKROOT = iphoneos;
				SWIFT_ACTIVE_COMPILATION_CONDITIONS = DEBUG;
				SWIFT_OPTIMIZATION_LEVEL = "-Onone";
			};
			name = Debug;
		};
		9A434C4F1FB293F00096813F /* Release */ = {
			isa = XCBuildConfiguration;
			buildSettings = {
				ALWAYS_SEARCH_USER_PATHS = NO;
				CLANG_ANALYZER_NONNULL = YES;
				CLANG_ANALYZER_NUMBER_OBJECT_CONVERSION = YES_AGGRESSIVE;
				CLANG_CXX_LANGUAGE_STANDARD = "gnu++14";
				CLANG_CXX_LIBRARY = "libc++";
				CLANG_ENABLE_MODULES = YES;
				CLANG_ENABLE_OBJC_ARC = YES;
				CLANG_WARN_BLOCK_CAPTURE_AUTORELEASING = YES;
				CLANG_WARN_BOOL_CONVERSION = YES;
				CLANG_WARN_COMMA = YES;
				CLANG_WARN_CONSTANT_CONVERSION = YES;
				CLANG_WARN_DIRECT_OBJC_ISA_USAGE = YES_ERROR;
				CLANG_WARN_DOCUMENTATION_COMMENTS = YES;
				CLANG_WARN_EMPTY_BODY = YES;
				CLANG_WARN_ENUM_CONVERSION = YES;
				CLANG_WARN_INFINITE_RECURSION = YES;
				CLANG_WARN_INT_CONVERSION = YES;
				CLANG_WARN_NON_LITERAL_NULL_CONVERSION = YES;
				CLANG_WARN_OBJC_LITERAL_CONVERSION = YES;
				CLANG_WARN_OBJC_ROOT_CLASS = YES_ERROR;
				CLANG_WARN_RANGE_LOOP_ANALYSIS = YES;
				CLANG_WARN_STRICT_PROTOTYPES = YES;
				CLANG_WARN_SUSPICIOUS_MOVE = YES;
				CLANG_WARN_UNGUARDED_AVAILABILITY = YES_AGGRESSIVE;
				CLANG_WARN_UNREACHABLE_CODE = YES;
				CLANG_WARN__DUPLICATE_METHOD_MATCH = YES;
				CODE_SIGN_IDENTITY = "iPhone Developer";
				COPY_PHASE_STRIP = NO;
				DEBUG_INFORMATION_FORMAT = "dwarf-with-dsym";
				ENABLE_NS_ASSERTIONS = NO;
				ENABLE_STRICT_OBJC_MSGSEND = YES;
				GCC_C_LANGUAGE_STANDARD = gnu11;
				GCC_NO_COMMON_BLOCKS = YES;
				GCC_WARN_64_TO_32_BIT_CONVERSION = YES;
				GCC_WARN_ABOUT_RETURN_TYPE = YES_ERROR;
				GCC_WARN_UNDECLARED_SELECTOR = YES;
				GCC_WARN_UNINITIALIZED_AUTOS = YES_AGGRESSIVE;
				GCC_WARN_UNUSED_FUNCTION = YES;
				GCC_WARN_UNUSED_VARIABLE = YES;
				IPHONEOS_DEPLOYMENT_TARGET = 11.0;
				MTL_ENABLE_DEBUG_INFO = NO;
				SDKROOT = iphoneos;
				SWIFT_OPTIMIZATION_LEVEL = "-Owholemodule";
				VALIDATE_PRODUCT = YES;
			};
			name = Release;
		};
		9A434C511FB293F00096813F /* Debug */ = {
			isa = XCBuildConfiguration;
			baseConfigurationReference = BC73B1430124ED6FC3926759 /* Pods-AlamofireTutorial.debug.xcconfig */;
			buildSettings = {
				ASSETCATALOG_COMPILER_APPICON_NAME = AppIcon;
				CODE_SIGN_STYLE = Automatic;
				DEVELOPMENT_TEAM = QN236W67X5;
				INFOPLIST_FILE = AlamofireTutorial/Info.plist;
				LD_RUNPATH_SEARCH_PATHS = "$(inherited) @executable_path/Frameworks";
				PRODUCT_BUNDLE_IDENTIFIER = programmermuslim.AlamofireTutorial;
				PRODUCT_NAME = "$(TARGET_NAME)";
				SWIFT_VERSION = 4.0;
				TARGETED_DEVICE_FAMILY = "1,2";
			};
			name = Debug;
		};
		9A434C521FB293F00096813F /* Release */ = {
			isa = XCBuildConfiguration;
			baseConfigurationReference = F61B8F523C2BF4833BF823D8 /* Pods-AlamofireTutorial.release.xcconfig */;
			buildSettings = {
				ASSETCATALOG_COMPILER_APPICON_NAME = AppIcon;
				CODE_SIGN_STYLE = Automatic;
				DEVELOPMENT_TEAM = QN236W67X5;
				INFOPLIST_FILE = AlamofireTutorial/Info.plist;
				LD_RUNPATH_SEARCH_PATHS = "$(inherited) @executable_path/Frameworks";
				PRODUCT_BUNDLE_IDENTIFIER = programmermuslim.AlamofireTutorial;
				PRODUCT_NAME = "$(TARGET_NAME)";
				SWIFT_VERSION = 4.0;
				TARGETED_DEVICE_FAMILY = "1,2";
			};
			name = Release;
		};
		9A434C541FB293F00096813F /* Debug */ = {
			isa = XCBuildConfiguration;
			baseConfigurationReference = C405BD21C89A6E7666C9FD0F /* Pods-AlamofireTutorialTests.debug.xcconfig */;
			buildSettings = {
				ALWAYS_EMBED_SWIFT_STANDARD_LIBRARIES = YES;
				BUNDLE_LOADER = "$(TEST_HOST)";
				CODE_SIGN_STYLE = Automatic;
				DEVELOPMENT_TEAM = QN236W67X5;
				INFOPLIST_FILE = AlamofireTutorialTests/Info.plist;
				LD_RUNPATH_SEARCH_PATHS = "$(inherited) @executable_path/Frameworks @loader_path/Frameworks";
				PRODUCT_BUNDLE_IDENTIFIER = programmermuslim.AlamofireTutorialTests;
				PRODUCT_NAME = "$(TARGET_NAME)";
				SWIFT_VERSION = 4.0;
				TARGETED_DEVICE_FAMILY = "1,2";
				TEST_HOST = "$(BUILT_PRODUCTS_DIR)/AlamofireTutorial.app/AlamofireTutorial";
			};
			name = Debug;
		};
		9A434C551FB293F00096813F /* Release */ = {
			isa = XCBuildConfiguration;
			baseConfigurationReference = F7E598E28531CC6FC39CA5EB /* Pods-AlamofireTutorialTests.release.xcconfig */;
			buildSettings = {
				ALWAYS_EMBED_SWIFT_STANDARD_LIBRARIES = YES;
				BUNDLE_LOADER = "$(TEST_HOST)";
				CODE_SIGN_STYLE = Automatic;
				DEVELOPMENT_TEAM = QN236W67X5;
				INFOPLIST_FILE = AlamofireTutorialTests/Info.plist;
				LD_RUNPATH_SEARCH_PATHS = "$(inherited) @executable_path/Frameworks @loader_path/Frameworks";
				PRODUCT_BUNDLE_IDENTIFIER = programmermuslim.AlamofireTutorialTests;
				PRODUCT_NAME = "$(TARGET_NAME)";
				SWIFT_VERSION = 4.0;
				TARGETED_DEVICE_FAMILY = "1,2";
				TEST_HOST = "$(BUILT_PRODUCTS_DIR)/AlamofireTutorial.app/AlamofireTutorial";
			};
			name = Release;
		};
		9A434C571FB293F00096813F /* Debug */ = {
			isa = XCBuildConfiguration;
			baseConfigurationReference = E22F9C22B8EC53F910505817 /* Pods-AlamofireTutorialUITests.debug.xcconfig */;
			buildSettings = {
				ALWAYS_EMBED_SWIFT_STANDARD_LIBRARIES = YES;
				CODE_SIGN_STYLE = Automatic;
				DEVELOPMENT_TEAM = QN236W67X5;
				INFOPLIST_FILE = AlamofireTutorialUITests/Info.plist;
				LD_RUNPATH_SEARCH_PATHS = "$(inherited) @executable_path/Frameworks @loader_path/Frameworks";
				PRODUCT_BUNDLE_IDENTIFIER = programmermuslim.AlamofireTutorialUITests;
				PRODUCT_NAME = "$(TARGET_NAME)";
				SWIFT_VERSION = 4.0;
				TARGETED_DEVICE_FAMILY = "1,2";
				TEST_TARGET_NAME = AlamofireTutorial;
			};
			name = Debug;
		};
		9A434C581FB293F00096813F /* Release */ = {
			isa = XCBuildConfiguration;
			baseConfigurationReference = 3D414B08BF78AF6D7A34E301 /* Pods-AlamofireTutorialUITests.release.xcconfig */;
			buildSettings = {
				ALWAYS_EMBED_SWIFT_STANDARD_LIBRARIES = YES;
				CODE_SIGN_STYLE = Automatic;
				DEVELOPMENT_TEAM = QN236W67X5;
				INFOPLIST_FILE = AlamofireTutorialUITests/Info.plist;
				LD_RUNPATH_SEARCH_PATHS = "$(inherited) @executable_path/Frameworks @loader_path/Frameworks";
				PRODUCT_BUNDLE_IDENTIFIER = programmermuslim.AlamofireTutorialUITests;
				PRODUCT_NAME = "$(TARGET_NAME)";
				SWIFT_VERSION = 4.0;
				TARGETED_DEVICE_FAMILY = "1,2";
				TEST_TARGET_NAME = AlamofireTutorial;
			};
			name = Release;
		};
/* End XCBuildConfiguration section */

/* Begin XCConfigurationList section */
		9A434C231FB293F00096813F /* Build configuration list for PBXProject "AlamofireTutorial" */ = {
			isa = XCConfigurationList;
			buildConfigurations = (
				9A434C4E1FB293F00096813F /* Debug */,
				9A434C4F1FB293F00096813F /* Release */,
			);
			defaultConfigurationIsVisible = 0;
			defaultConfigurationName = Release;
		};
		9A434C501FB293F00096813F /* Build configuration list for PBXNativeTarget "AlamofireTutorial" */ = {
			isa = XCConfigurationList;
			buildConfigurations = (
				9A434C511FB293F00096813F /* Debug */,
				9A434C521FB293F00096813F /* Release */,
			);
			defaultConfigurationIsVisible = 0;
			defaultConfigurationName = Release;
		};
		9A434C531FB293F00096813F /* Build configuration list for PBXNativeTarget "AlamofireTutorialTests" */ = {
			isa = XCConfigurationList;
			buildConfigurations = (
				9A434C541FB293F00096813F /* Debug */,
				9A434C551FB293F00096813F /* Release */,
			);
			defaultConfigurationIsVisible = 0;
			defaultConfigurationName = Release;
		};
		9A434C561FB293F00096813F /* Build configuration list for PBXNativeTarget "AlamofireTutorialUITests" */ = {
			isa = XCConfigurationList;
			buildConfigurations = (
				9A434C571FB293F00096813F /* Debug */,
				9A434C581FB293F00096813F /* Release */,
			);
			defaultConfigurationIsVisible = 0;
			defaultConfigurationName = Release;
		};
/* End XCConfigurationList section */
	};
	rootObject = 9A434C201FB293F00096813F /* Project object */;
}
